
Microsoft Visual Studio Solution File, Format Version 12.00
# Visual Studio Version 17
VisualStudioVersion = 17.9.34728.123
MinimumVisualStudioVersion = 10.0.40219.1
Project("{FAE04EC0-301F-11D3-BF4B-00C04F79EFBC}") = "ProjectSaleStore", "ProjectSaleStore\ProjectSaleStore.csproj", "{C497E529-DF9F-4FF6-9977-79FBC55023AA}"
EndProject
Global
	GlobalSection(SolutionConfigurationPlatforms) = preSolution
		Debug|Any CPU = Debug|Any CPU
		Release|Any CPU = Release|Any CPU
	EndGlobalSection
	GlobalSection(ProjectConfigurationPlatforms) = postSolution
		{C497E529-DF9F-4FF6-9977-79FBC55023AA}.Debug|Any CPU.ActiveCfg = Debug|Any CPU
		{C497E529-DF9F-4FF6-9977-79FBC55023AA}.Debug|Any CPU.Build.0 = Debug|Any CPU
		{C497E529-DF9F-4FF6-9977-79FBC55023AA}.Release|Any CPU.ActiveCfg = Release|Any CPU
		{C497E529-DF9F-4FF6-9977-79FBC55023AA}.Release|Any CPU.Build.0 = Release|Any CPU
	EndGlobalSection
	GlobalSection(SolutionProperties) = preSolution
		HideSolutionNode = FALSE
	EndGlobalSection
	GlobalSection(ExtensibilityGlobals) = postSolution
		SolutionGuid = {AFBE1E99-357E-47EE-BA3C-96987C0DD04E}
	EndGlobalSection
EndGlobal
